
Microsoft Visual Studio Solution File, Format Version 12.00
# Visual Studio Version 17
VisualStudioVersion = 17.14.36616.10
MinimumVisualStudioVersion = 10.0.40219.1
Project("{FAE04EC0-301F-11D3-BF4B-00C04F79EFBC}") = "Bloomodoro.Api", "Bloomodoro.Api\Bloomodoro.Api.csproj", "{160B4FEB-1ACE-462B-8EF7-A47C3908DA27}"
	ProjectSection(ProjectDependencies) = postProject
		{09EE03CE-9DF0-4BE8-AB4D-F2F19C80EBDD} = {09EE03CE-9DF0-4BE8-AB4D-F2F19C80EBDD}
		{67609DD9-C8A7-4339-8E8C-B8CD47E87FEF} = {67609DD9-C8A7-4339-8E8C-B8CD47E87FEF}
	EndProjectSection
EndProject
Project("{FAE04EC0-301F-11D3-BF4B-00C04F79EFBC}") = "Bloomodoro.Domain", "Bloomodoro.Domain\Bloomodoro.Domain.csproj", "{C6417005-2EE1-4DBE-9970-6E91BCF806B7}"
EndProject
Project("{FAE04EC0-301F-11D3-BF4B-00C04F79EFBC}") = "Bloomodoro.Application", "Bloomodoro.Application\Bloomodoro.Application.csproj", "{09EE03CE-9DF0-4BE8-AB4D-F2F19C80EBDD}"
	ProjectSection(ProjectDependencies) = postProject
		{C6417005-2EE1-4DBE-9970-6E91BCF806B7} = {C6417005-2EE1-4DBE-9970-6E91BCF806B7}
	EndProjectSection
EndProject
Project("{FAE04EC0-301F-11D3-BF4B-00C04F79EFBC}") = "Bloomodoro.Infrastructure", "Bloomodoro.Infrastructure\Bloomodoro.Infrastructure.csproj", "{67609DD9-C8A7-4339-8E8C-B8CD47E87FEF}"
EndProject
Global
	GlobalSection(SolutionConfigurationPlatforms) = preSolution
		Debug|Any CPU = Debug|Any CPU
		Release|Any CPU = Release|Any CPU
	EndGlobalSection
	GlobalSection(ProjectConfigurationPlatforms) = postSolution
		{160B4FEB-1ACE-462B-8EF7-A47C3908DA27}.Debug|Any CPU.ActiveCfg = Debug|Any CPU
		{160B4FEB-1ACE-462B-8EF7-A47C3908DA27}.Debug|Any CPU.Build.0 = Debug|Any CPU
		{160B4FEB-1ACE-462B-8EF7-A47C3908DA27}.Release|Any CPU.ActiveCfg = Release|Any CPU
		{160B4FEB-1ACE-462B-8EF7-A47C3908DA27}.Release|Any CPU.Build.0 = Release|Any CPU
		{C6417005-2EE1-4DBE-9970-6E91BCF806B7}.Debug|Any CPU.ActiveCfg = Debug|Any CPU
		{C6417005-2EE1-4DBE-9970-6E91BCF806B7}.Debug|Any CPU.Build.0 = Debug|Any CPU
		{C6417005-2EE1-4DBE-9970-6E91BCF806B7}.Release|Any CPU.ActiveCfg = Release|Any CPU
		{C6417005-2EE1-4DBE-9970-6E91BCF806B7}.Release|Any CPU.Build.0 = Release|Any CPU
		{09EE03CE-9DF0-4BE8-AB4D-F2F19C80EBDD}.Debug|Any CPU.ActiveCfg = Debug|Any CPU
		{09EE03CE-9DF0-4BE8-AB4D-F2F19C80EBDD}.Debug|Any CPU.Build.0 = Debug|Any CPU
		{09EE03CE-9DF0-4BE8-AB4D-F2F19C80EBDD}.Release|Any CPU.ActiveCfg = Release|Any CPU
		{09EE03CE-9DF0-4BE8-AB4D-F2F19C80EBDD}.Release|Any CPU.Build.0 = Release|Any CPU
		{67609DD9-C8A7-4339-8E8C-B8CD47E87FEF}.Debug|Any CPU.ActiveCfg = Debug|Any CPU
		{67609DD9-C8A7-4339-8E8C-B8CD47E87FEF}.Debug|Any CPU.Build.0 = Debug|Any CPU
		{67609DD9-C8A7-4339-8E8C-B8CD47E87FEF}.Release|Any CPU.ActiveCfg = Release|Any CPU
		{67609DD9-C8A7-4339-8E8C-B8CD47E87FEF}.Release|Any CPU.Build.0 = Release|Any CPU
	EndGlobalSection
	GlobalSection(SolutionProperties) = preSolution
		HideSolutionNode = FALSE
	EndGlobalSection
	GlobalSection(ExtensibilityGlobals) = postSolution
		SolutionGuid = {DBB61436-EB31-4143-A126-2444153F17E4}
	EndGlobalSection
EndGlobal
